
Microsoft Visual Studio Solution File, Format Version 12.00
# Visual Studio Version 16
VisualStudioVersion = 16.0.30907.101
MinimumVisualStudioVersion = 10.0.40219.1
Project("{9A19103F-16F7-4668-BE54-9A1E7A4F7556}") = "ECommerce.Api.Products", "ECommerce.Api.Products\ECommerce.Api.Products.csproj", "{0F8D51FE-00AE-4D90-AD57-7D230E04CBDE}"
EndProject
Project("{9A19103F-16F7-4668-BE54-9A1E7A4F7556}") = "ECommerce.Api.Customers", "ECommerce.Api.Customers\ECommerce.Api.Customers.csproj", "{AB3AF40D-10D6-4002-8D9E-28C8CC8F4E5D}"
EndProject
Project("{9A19103F-16F7-4668-BE54-9A1E7A4F7556}") = "ECommerce.Api.Orders", "ECommerce.Api.Orders\ECommerce.Api.Orders.csproj", "{3CB4C4C6-63BD-4704-8C04-B641D14BDD87}"
EndProject
Project("{9A19103F-16F7-4668-BE54-9A1E7A4F7556}") = "ECommerce.Api.Search", "ECommerce.Api.Search\ECommerce.Api.Search.csproj", "{3DD62DD3-61E3-4CB6-9FA8-C308DD7A469F}"
EndProject
Project("{FAE04EC0-301F-11D3-BF4B-00C04F79EFBC}") = "ECommerce.Api.Products.Tests", "ECommerce.Api.Products.Tests\ECommerce.Api.Products.Tests.csproj", "{67352678-9807-4379-BC63-920D2D114F31}"
EndProject
Global
	GlobalSection(SolutionConfigurationPlatforms) = preSolution
		Debug|Any CPU = Debug|Any CPU
		Release|Any CPU = Release|Any CPU
	EndGlobalSection
	GlobalSection(ProjectConfigurationPlatforms) = postSolution
		{0F8D51FE-00AE-4D90-AD57-7D230E04CBDE}.Debug|Any CPU.ActiveCfg = Debug|Any CPU
		{0F8D51FE-00AE-4D90-AD57-7D230E04CBDE}.Debug|Any CPU.Build.0 = Debug|Any CPU
		{0F8D51FE-00AE-4D90-AD57-7D230E04CBDE}.Release|Any CPU.ActiveCfg = Release|Any CPU
		{0F8D51FE-00AE-4D90-AD57-7D230E04CBDE}.Release|Any CPU.Build.0 = Release|Any CPU
		{AB3AF40D-10D6-4002-8D9E-28C8CC8F4E5D}.Debug|Any CPU.ActiveCfg = Debug|Any CPU
		{AB3AF40D-10D6-4002-8D9E-28C8CC8F4E5D}.Debug|Any CPU.Build.0 = Debug|Any CPU
		{AB3AF40D-10D6-4002-8D9E-28C8CC8F4E5D}.Release|Any CPU.ActiveCfg = Release|Any CPU
		{AB3AF40D-10D6-4002-8D9E-28C8CC8F4E5D}.Release|Any CPU.Build.0 = Release|Any CPU
		{3CB4C4C6-63BD-4704-8C04-B641D14BDD87}.Debug|Any CPU.ActiveCfg = Debug|Any CPU
		{3CB4C4C6-63BD-4704-8C04-B641D14BDD87}.Debug|Any CPU.Build.0 = Debug|Any CPU
		{3CB4C4C6-63BD-4704-8C04-B641D14BDD87}.Release|Any CPU.ActiveCfg = Release|Any CPU
		{3CB4C4C6-63BD-4704-8C04-B641D14BDD87}.Release|Any CPU.Build.0 = Release|Any CPU
		{3DD62DD3-61E3-4CB6-9FA8-C308DD7A469F}.Debug|Any CPU.ActiveCfg = Debug|Any CPU
		{3DD62DD3-61E3-4CB6-9FA8-C308DD7A469F}.Debug|Any CPU.Build.0 = Debug|Any CPU
		{3DD62DD3-61E3-4CB6-9FA8-C308DD7A469F}.Release|Any CPU.ActiveCfg = Release|Any CPU
		{3DD62DD3-61E3-4CB6-9FA8-C308DD7A469F}.Release|Any CPU.Build.0 = Release|Any CPU
		{67352678-9807-4379-BC63-920D2D114F31}.Debug|Any CPU.ActiveCfg = Debug|Any CPU
		{67352678-9807-4379-BC63-920D2D114F31}.Debug|Any CPU.Build.0 = Debug|Any CPU
		{67352678-9807-4379-BC63-920D2D114F31}.Release|Any CPU.ActiveCfg = Release|Any CPU
		{67352678-9807-4379-BC63-920D2D114F31}.Release|Any CPU.Build.0 = Release|Any CPU
	EndGlobalSection
	GlobalSection(SolutionProperties) = preSolution
		HideSolutionNode = FALSE
	EndGlobalSection
	GlobalSection(ExtensibilityGlobals) = postSolution
		SolutionGuid = {7E65962F-7B49-4B1A-A2F2-53159FDAC206}
	EndGlobalSection
EndGlobal
